// !$*UTF8*$!
{
	archiveVersion = 1;
	classes = {
	};
	objectVersion = 46;
	objects = {

/* Begin PBXBuildFile section */
		65CB39611D537E080016BD26 /* main.m in Sources */ = {isa = PBXBuildFile; fileRef = 65CB39601D537E080016BD26 /* main.m */; };
		65CB39641D537E080016BD26 /* AppDelegate.m in Sources */ = {isa = PBXBuildFile; fileRef = 65CB39631D537E080016BD26 /* AppDelegate.m */; };
		65CB396C1D537E080016BD26 /* Assets.xcassets in Resources */ = {isa = PBXBuildFile; fileRef = 65CB396B1D537E080016BD26 /* Assets.xcassets */; };
		65CB396F1D537E080016BD26 /* LaunchScreen.storyboard in Resources */ = {isa = PBXBuildFile; fileRef = 65CB396D1D537E080016BD26 /* LaunchScreen.storyboard */; };
		65CB39771D537E560016BD26 /* Main.storyboard in Resources */ = {isa = PBXBuildFile; fileRef = 65CB39761D537E560016BD26 /* Main.storyboard */; };
		65CB398D1D537EB50016BD26 /* DKPTableController.m in Sources */ = {isa = PBXBuildFile; fileRef = 65CB397D1D537EB50016BD26 /* DKPTableController.m */; };
		65CB398E1D537EB50016BD26 /* DKPDefautController.m in Sources */ = {isa = PBXBuildFile; fileRef = 65CB39801D537EB50016BD26 /* DKPDefautController.m */; };
		65CB398F1D537EB50016BD26 /* DKPPageControlController.m in Sources */ = {isa = PBXBuildFile; fileRef = 65CB39831D537EB50016BD26 /* DKPPageControlController.m */; };
		65CB39901D537EB50016BD26 /* DKPBottomToTopController.m in Sources */ = {isa = PBXBuildFile; fileRef = 65CB39861D537EB50016BD26 /* DKPBottomToTopController.m */; };
		65CB39911D537EB50016BD26 /* DKPLeftToRightController.m in Sources */ = {isa = PBXBuildFile; fileRef = 65CB39881D537EB50016BD26 /* DKPLeftToRightController.m */; };
		65CB39921D537EB50016BD26 /* DKPRightToLeftController.m in Sources */ = {isa = PBXBuildFile; fileRef = 65CB398A1D537EB50016BD26 /* DKPRightToLeftController.m */; };
		65CB39931D537EB50016BD26 /* DKPTopToBottomController.m in Sources */ = {isa = PBXBuildFile; fileRef = 65CB398C1D537EB50016BD26 /* DKPTopToBottomController.m */; };
		65CB39971D537EF60016BD26 /* DKPCarouselView.m in Sources */ = {isa = PBXBuildFile; fileRef = 65CB39961D537EF60016BD26 /* DKPCarouselView.m */; };
		75372193273D40C9318583D6 /* libPods-DKPCarousel.a in Frameworks */ = {isa = PBXBuildFile; fileRef = FC36A7D59C6D99AF30FC8F9A /* libPods-DKPCarousel.a */; };
/* End PBXBuildFile section */

/* Begin PBXFileReference section */
		65CB395C1D537E080016BD26 /* DKPCarousel.app */ = {isa = PBXFileReference; explicitFileType = wrapper.application; includeInIndex = 0; path = DKPCarousel.app; sourceTree = BUILT_PRODUCTS_DIR; };
		65CB39601D537E080016BD26 /* main.m */ = {isa = PBXFileReference; lastKnownFileType = sourcecode.c.objc; path = main.m; sourceTree = "<group>"; };
		65CB39621D537E080016BD26 /* AppDelegate.h */ = {isa = PBXFileReference; lastKnownFileType = sourcecode.c.h; path = AppDelegate.h; sourceTree = "<group>"; };
		65CB39631D537E080016BD26 /* AppDelegate.m */ = {isa = PBXFileReference; lastKnownFileType = sourcecode.c.objc; path = AppDelegate.m; sourceTree = "<group>"; };
		65CB396B1D537E080016BD26 /* Assets.xcassets */ = {isa = PBXFileReference; lastKnownFileType = folder.assetcatalog; path = Assets.xcassets; sourceTree = "<group>"; };
		65CB396E1D537E080016BD26 /* Base */ = {isa = PBXFileReference; lastKnownFileType = file.storyboard; name = Base; path = Base.lproj/LaunchScreen.storyboard; sourceTree = "<group>"; };
		65CB39701D537E080016BD26 /* Info.plist */ = {isa = PBXFileReference; lastKnownFileType = text.plist.xml; path = Info.plist; sourceTree = "<group>"; };
		65CB39761D537E560016BD26 /* Main.storyboard */ = {isa = PBXFileReference; fileEncoding = 4; lastKnownFileType = file.storyboard; path = Main.storyboard; sourceTree = "<group>"; };
		65CB39781D537E7A0016BD26 /* PrefixHeader.pch */ = {isa = PBXFileReference; fileEncoding = 4; lastKnownFileType = sourcecode.c.h; path = PrefixHeader.pch; sourceTree = "<group>"; };
		65CB397C1D537EB50016BD26 /* DKPTableController.h */ = {isa = PBXFileReference; fileEncoding = 4; lastKnownFileType = sourcecode.c.h; path = DKPTableController.h; sourceTree = "<group>"; };
		65CB397D1D537EB50016BD26 /* DKPTableController.m */ = {isa = PBXFileReference; fileEncoding = 4; lastKnownFileType = sourcecode.c.objc; path = DKPTableController.m; sourceTree = "<group>"; };
		65CB397F1D537EB50016BD26 /* DKPDefautController.h */ = {isa = PBXFileReference; fileEncoding = 4; lastKnownFileType = sourcecode.c.h; path = DKPDefautController.h; sourceTree = "<group>"; };
		65CB39801D537EB50016BD26 /* DKPDefautController.m */ = {isa = PBXFileReference; fileEncoding = 4; lastKnownFileType = sourcecode.c.objc; path = DKPDefautController.m; sourceTree = "<group>"; };
		65CB39821D537EB50016BD26 /* DKPPageControlController.h */ = {isa = PBXFileReference; fileEncoding = 4; lastKnownFileType = sourcecode.c.h; path = DKPPageControlController.h; sourceTree = "<group>"; };
		65CB39831D537EB50016BD26 /* DKPPageControlController.m */ = {isa = PBXFileReference; fileEncoding = 4; lastKnownFileType = sourcecode.c.objc; path = DKPPageControlController.m; sourceTree = "<group>"; };
		65CB39851D537EB50016BD26 /* DKPBottomToTopController.h */ = {isa = PBXFileReference; fileEncoding = 4; lastKnownFileType = sourcecode.c.h; path = DKPBottomToTopController.h; sourceTree = "<group>"; };
		65CB39861D537EB50016BD26 /* DKPBottomToTopController.m */ = {isa = PBXFileReference; fileEncoding = 4; lastKnownFileType = sourcecode.c.objc; path = DKPBottomToTopController.m; sourceTree = "<group>"; };
		65CB39871D537EB50016BD26 /* DKPLeftToRightController.h */ = {isa = PBXFileReference; fileEncoding = 4; lastKnownFileType = sourcecode.c.h; path = DKPLeftToRightController.h; sourceTree = "<group>"; };
		65CB39881D537EB50016BD26 /* DKPLeftToRightController.m */ = {isa = PBXFileReference; fileEncoding = 4; lastKnownFileType = sourcecode.c.objc; path = DKPLeftToRightController.m; sourceTree = "<group>"; };
		65CB39891D537EB50016BD26 /* DKPRightToLeftController.h */ = {isa = PBXFileReference; fileEncoding = 4; lastKnownFileType = sourcecode.c.h; path = DKPRightToLeftController.h; sourceTree = "<group>"; };
		65CB398A1D537EB50016BD26 /* DKPRightToLeftController.m */ = {isa = PBXFileReference; fileEncoding = 4; lastKnownFileType = sourcecode.c.objc; path = DKPRightToLeftController.m; sourceTree = "<group>"; };
		65CB398B1D537EB50016BD26 /* DKPTopToBottomController.h */ = {isa = PBXFileReference; fileEncoding = 4; lastKnownFileType = sourcecode.c.h; path = DKPTopToBottomController.h; sourceTree = "<group>"; };
		65CB398C1D537EB50016BD26 /* DKPTopToBottomController.m */ = {isa = PBXFileReference; fileEncoding = 4; lastKnownFileType = sourcecode.c.objc; path = DKPTopToBottomController.m; sourceTree = "<group>"; };
		65CB39951D537EF60016BD26 /* DKPCarouselView.h */ = {isa = PBXFileReference; fileEncoding = 4; lastKnownFileType = sourcecode.c.h; path = DKPCarouselView.h; sourceTree = "<group>"; };
		65CB39961D537EF60016BD26 /* DKPCarouselView.m */ = {isa = PBXFileReference; fileEncoding = 4; lastKnownFileType = sourcecode.c.objc; path = DKPCarouselView.m; sourceTree = "<group>"; };
		AD0FE53F0052DCF15A9097D7 /* Pods-DKPCarousel.debug.xcconfig */ = {isa = PBXFileReference; includeInIndex = 1; lastKnownFileType = text.xcconfig; name = "Pods-DKPCarousel.debug.xcconfig"; path = "Pods/Target Support Files/Pods-DKPCarousel/Pods-DKPCarousel.debug.xcconfig"; sourceTree = "<group>"; };
		BF944762406D5623AAC0F78A /* Pods-DKPCarousel.release.xcconfig */ = {isa = PBXFileReference; includeInIndex = 1; lastKnownFileType = text.xcconfig; name = "Pods-DKPCarousel.release.xcconfig"; path = "Pods/Target Support Files/Pods-DKPCarousel/Pods-DKPCarousel.release.xcconfig"; sourceTree = "<group>"; };
		FC36A7D59C6D99AF30FC8F9A /* libPods-DKPCarousel.a */ = {isa = PBXFileReference; explicitFileType = archive.ar; includeInIndex = 0; path = "libPods-DKPCarousel.a"; sourceTree = BUILT_PRODUCTS_DIR; };
/* End PBXFileReference section */

/* Begin PBXFrameworksBuildPhase section */
		65CB39591D537E080016BD26 /* Frameworks */ = {
			isa = PBXFrameworksBuildPhase;
			buildActionMask = 2147483647;
			files = (
				75372193273D40C9318583D6 /* libPods-DKPCarousel.a in Frameworks */,
			);
			runOnlyForDeploymentPostprocessing = 0;
		};
/* End PBXFrameworksBuildPhase section */

/* Begin PBXGroup section */
		65CB39531D537E080016BD26 = {
			isa = PBXGroup;
			children = (
				65CB395E1D537E080016BD26 /* DKPCarousel */,
				65CB395D1D537E080016BD26 /* Products */,
				B959F74F857C23E00A2DEB58 /* Pods */,
				967823326973D7363F9DC447 /* Frameworks */,
			);
			sourceTree = "<group>";
		};
		65CB395D1D537E080016BD26 /* Products */ = {
			isa = PBXGroup;
			children = (
				65CB395C1D537E080016BD26 /* DKPCarousel.app */,
			);
			name = Products;
			sourceTree = "<group>";
		};
		65CB395E1D537E080016BD26 /* DKPCarousel */ = {
			isa = PBXGroup;
			children = (
				65CB39941D537EF60016BD26 /* DKPCarouselView */,
				65CB39791D537EB50016BD26 /* DKPCarouselViewExample */,
				65CB39621D537E080016BD26 /* AppDelegate.h */,
				65CB39631D537E080016BD26 /* AppDelegate.m */,
				65CB396B1D537E080016BD26 /* Assets.xcassets */,
				65CB396D1D537E080016BD26 /* LaunchScreen.storyboard */,
				65CB39761D537E560016BD26 /* Main.storyboard */,
				65CB39701D537E080016BD26 /* Info.plist */,
				65CB395F1D537E080016BD26 /* Supporting Files */,
			);
			path = DKPCarousel;
			sourceTree = "<group>";
		};
		65CB395F1D537E080016BD26 /* Supporting Files */ = {
			isa = PBXGroup;
			children = (
				65CB39781D537E7A0016BD26 /* PrefixHeader.pch */,
				65CB39601D537E080016BD26 /* main.m */,
			);
			name = "Supporting Files";
			sourceTree = "<group>";
		};
		65CB39791D537EB50016BD26 /* DKPCarouselViewExample */ = {
			isa = PBXGroup;
			children = (
				65CB397A1D537EB50016BD26 /* Class */,
			);
			path = DKPCarouselViewExample;
			sourceTree = "<group>";
		};
		65CB397A1D537EB50016BD26 /* Class */ = {
			isa = PBXGroup;
			children = (
				65CB397B1D537EB50016BD26 /* rootViewController */,
				65CB397E1D537EB50016BD26 /* SectionOne */,
				65CB39811D537EB50016BD26 /* SectionThree */,
				65CB39841D537EB50016BD26 /* SectionTwo */,
			);
			path = Class;
			sourceTree = "<group>";
		};
		65CB397B1D537EB50016BD26 /* rootViewController */ = {
			isa = PBXGroup;
			children = (
				65CB397C1D537EB50016BD26 /* DKPTableController.h */,
				65CB397D1D537EB50016BD26 /* DKPTableController.m */,
			);
			path = rootViewController;
			sourceTree = "<group>";
		};
		65CB397E1D537EB50016BD26 /* SectionOne */ = {
			isa = PBXGroup;
			children = (
				65CB397F1D537EB50016BD26 /* DKPDefautController.h */,
				65CB39801D537EB50016BD26 /* DKPDefautController.m */,
			);
			path = SectionOne;
			sourceTree = "<group>";
		};
		65CB39811D537EB50016BD26 /* SectionThree */ = {
			isa = PBXGroup;
			children = (
				65CB39821D537EB50016BD26 /* DKPPageControlController.h */,
				65CB39831D537EB50016BD26 /* DKPPageControlController.m */,
			);
			path = SectionThree;
			sourceTree = "<group>";
		};
		65CB39841D537EB50016BD26 /* SectionTwo */ = {
			isa = PBXGroup;
			children = (
				65CB39851D537EB50016BD26 /* DKPBottomToTopController.h */,
				65CB39861D537EB50016BD26 /* DKPBottomToTopController.m */,
				65CB39871D537EB50016BD26 /* DKPLeftToRightController.h */,
				65CB39881D537EB50016BD26 /* DKPLeftToRightController.m */,
				65CB39891D537EB50016BD26 /* DKPRightToLeftController.h */,
				65CB398A1D537EB50016BD26 /* DKPRightToLeftController.m */,
				65CB398B1D537EB50016BD26 /* DKPTopToBottomController.h */,
				65CB398C1D537EB50016BD26 /* DKPTopToBottomController.m */,
			);
			path = SectionTwo;
			sourceTree = "<group>";
		};
		65CB39941D537EF60016BD26 /* DKPCarouselView */ = {
			isa = PBXGroup;
			children = (
				65CB39951D537EF60016BD26 /* DKPCarouselView.h */,
				65CB39961D537EF60016BD26 /* DKPCarouselView.m */,
			);
			path = DKPCarouselView;
			sourceTree = "<group>";
		};
		967823326973D7363F9DC447 /* Frameworks */ = {
			isa = PBXGroup;
			children = (
				FC36A7D59C6D99AF30FC8F9A /* libPods-DKPCarousel.a */,
			);
			name = Frameworks;
			sourceTree = "<group>";
		};
		B959F74F857C23E00A2DEB58 /* Pods */ = {
			isa = PBXGroup;
			children = (
				AD0FE53F0052DCF15A9097D7 /* Pods-DKPCarousel.debug.xcconfig */,
				BF944762406D5623AAC0F78A /* Pods-DKPCarousel.release.xcconfig */,
			);
			name = Pods;
			sourceTree = "<group>";
		};
/* End PBXGroup section */

/* Begin PBXNativeTarget section */
		65CB395B1D537E080016BD26 /* DKPCarousel */ = {
			isa = PBXNativeTarget;
			buildConfigurationList = 65CB39731D537E080016BD26 /* Build configuration list for PBXNativeTarget "DKPCarousel" */;
			buildPhases = (
				8FD1A0E5334DFCA1A8A7314A /* [CP] Check Pods Manifest.lock */,
				65CB39581D537E080016BD26 /* Sources */,
				65CB39591D537E080016BD26 /* Frameworks */,
				65CB395A1D537E080016BD26 /* Resources */,
				5CB2345B26A947F0B5DFD09D /* [CP] Embed Pods Frameworks */,
				53DE3C57122CA5BF9CC1DD18 /* [CP] Copy Pods Resources */,
			);
			buildRules = (
			);
			dependencies = (
			);
			name = DKPCarousel;
			productName = DKPCarousel;
			productReference = 65CB395C1D537E080016BD26 /* DKPCarousel.app */;
			productType = "com.apple.product-type.application";
		};
/* End PBXNativeTarget section */

/* Begin PBXProject section */
		65CB39541D537E080016BD26 /* Project object */ = {
			isa = PBXProject;
			attributes = {
				LastUpgradeCheck = 0730;
				ORGANIZATIONNAME = DP;
				TargetAttributes = {
					65CB395B1D537E080016BD26 = {
						CreatedOnToolsVersion = 7.3.1;
					};
				};
			};
			buildConfigurationList = 65CB39571D537E080016BD26 /* Build configuration list for PBXProject "DKPCarousel" */;
			compatibilityVersion = "Xcode 3.2";
			developmentRegion = English;
			hasScannedForEncodings = 0;
			knownRegions = (
				en,
				Base,
			);
			mainGroup = 65CB39531D537E080016BD26;
			productRefGroup = 65CB395D1D537E080016BD26 /* Products */;
			projectDirPath = "";
			projectRoot = "";
			targets = (
				65CB395B1D537E080016BD26 /* DKPCarousel */,
			);
		};
/* End PBXProject section */

/* Begin PBXResourcesBuildPhase section */
		65CB395A1D537E080016BD26 /* Resources */ = {
			isa = PBXResourcesBuildPhase;
			buildActionMask = 2147483647;
			files = (
				65CB39771D537E560016BD26 /* Main.storyboard in Resources */,
				65CB396F1D537E080016BD26 /* LaunchScreen.storyboard in Resources */,
				65CB396C1D537E080016BD26 /* Assets.xcassets in Resources */,
			);
			runOnlyForDeploymentPostprocessing = 0;
		};
/* End PBXResourcesBuildPhase section */

/* Begin PBXShellScriptBuildPhase section */
		53DE3C57122CA5BF9CC1DD18 /* [CP] Copy Pods Resources */ = {
			isa = PBXShellScriptBuildPhase;
			buildActionMask = 2147483647;
			files = (
			);
			inputPaths = (
			);
			name = "[CP] Copy Pods Resources";
			outputPaths = (
			);
			runOnlyForDeploymentPostprocessing = 0;
			shellPath = /bin/sh;
			shellScript = "\"${SRCROOT}/Pods/Target Support Files/Pods-DKPCarousel/Pods-DKPCarousel-resources.sh\"\n";
			showEnvVarsInLog = 0;
		};
		5CB2345B26A947F0B5DFD09D /* [CP] Embed Pods Frameworks */ = {
			isa = PBXShellScriptBuildPhase;
			buildActionMask = 2147483647;
			files = (
			);
			inputPaths = (
			);
			name = "[CP] Embed Pods Frameworks";
			outputPaths = (
			);
			runOnlyForDeploymentPostprocessing = 0;
			shellPath = /bin/sh;
			shellScript = "\"${SRCROOT}/Pods/Target Support Files/Pods-DKPCarousel/Pods-DKPCarousel-frameworks.sh\"\n";
			showEnvVarsInLog = 0;
		};
		8FD1A0E5334DFCA1A8A7314A /* [CP] Check Pods Manifest.lock */ = {
			isa = PBXShellScriptBuildPhase;
			buildActionMask = 2147483647;
			files = (
			);
			inputPaths = (
			);
			name = "[CP] Check Pods Manifest.lock";
			outputPaths = (
			);
			runOnlyForDeploymentPostprocessing = 0;
			shellPath = /bin/sh;
			shellScript = "diff \"${PODS_ROOT}/../Podfile.lock\" \"${PODS_ROOT}/Manifest.lock\" > /dev/null\nif [[ $? != 0 ]] ; then\n    cat << EOM\nerror: The sandbox is not in sync with the Podfile.lock. Run 'pod install' or update your CocoaPods installation.\nEOM\n    exit 1\nfi\n";
			showEnvVarsInLog = 0;
		};
/* End PBXShellScriptBuildPhase section */

/* Begin PBXSourcesBuildPhase section */
		65CB39581D537E080016BD26 /* Sources */ = {
			isa = PBXSourcesBuildPhase;
			buildActionMask = 2147483647;
			files = (
				65CB39971D537EF60016BD26 /* DKPCarouselView.m in Sources */,
				65CB39931D537EB50016BD26 /* DKPTopToBottomController.m in Sources */,
				65CB398E1D537EB50016BD26 /* DKPDefautController.m in Sources */,
				65CB39901D537EB50016BD26 /* DKPBottomToTopController.m in Sources */,
				65CB398D1D537EB50016BD26 /* DKPTableController.m in Sources */,
				65CB39641D537E080016BD26 /* AppDelegate.m in Sources */,
				65CB39921D537EB50016BD26 /* DKPRightToLeftController.m in Sources */,
				65CB39911D537EB50016BD26 /* DKPLeftToRightController.m in Sources */,
				65CB398F1D537EB50016BD26 /* DKPPageControlController.m in Sources */,
				65CB39611D537E080016BD26 /* main.m in Sources */,
			);
			runOnlyForDeploymentPostprocessing = 0;
		};
/* End PBXSourcesBuildPhase section */

/* Begin PBXVariantGroup section */
		65CB396D1D537E080016BD26 /* LaunchScreen.storyboard */ = {
			isa = PBXVariantGroup;
			children = (
				65CB396E1D537E080016BD26 /* Base */,
			);
			name = LaunchScreen.storyboard;
			sourceTree = "<group>";
		};
/* End PBXVariantGroup section */

/* Begin XCBuildConfiguration section */
		65CB39711D537E080016BD26 /* Debug */ = {
			isa = XCBuildConfiguration;
			buildSettings = {
				ALWAYS_SEARCH_USER_PATHS = NO;
				CLANG_ANALYZER_NONNULL = YES;
				CLANG_CXX_LANGUAGE_STANDARD = "gnu++0x";
				CLANG_CXX_LIBRARY = "libc++";
				CLANG_ENABLE_MODULES = YES;
				CLANG_ENABLE_OBJC_ARC = YES;
				CLANG_WARN_BOOL_CONVERSION = YES;
				CLANG_WARN_CONSTANT_CONVERSION = YES;
				CLANG_WARN_DIRECT_OBJC_ISA_USAGE = YES_ERROR;
				CLANG_WARN_EMPTY_BODY = YES;
				CLANG_WARN_ENUM_CONVERSION = YES;
				CLANG_WARN_INT_CONVERSION = YES;
				CLANG_WARN_OBJC_ROOT_CLASS = YES_ERROR;
				CLANG_WARN_UNREACHABLE_CODE = YES;
				CLANG_WARN__DUPLICATE_METHOD_MATCH = YES;
				"CODE_SIGN_IDENTITY[sdk=iphoneos*]" = "iPhone Developer";
				COPY_PHASE_STRIP = NO;
				DEBUG_INFORMATION_FORMAT = dwarf;
				ENABLE_STRICT_OBJC_MSGSEND = YES;
				ENABLE_TESTABILITY = YES;
				GCC_C_LANGUAGE_STANDARD = gnu99;
				GCC_DYNAMIC_NO_PIC = NO;
				GCC_NO_COMMON_BLOCKS = YES;
				GCC_OPTIMIZATION_LEVEL = 0;
				GCC_PREPROCESSOR_DEFINITIONS = (
					"DEBUG=1",
					"$(inherited)",
				);
				GCC_WARN_64_TO_32_BIT_CONVERSION = YES;
				GCC_WARN_ABOUT_RETURN_TYPE = YES_ERROR;
				GCC_WARN_UNDECLARED_SELECTOR = YES;
				GCC_WARN_UNINITIALIZED_AUTOS = YES_AGGRESSIVE;
				GCC_WARN_UNUSED_FUNCTION = YES;
				GCC_WARN_UNUSED_VARIABLE = YES;
				IPHONEOS_DEPLOYMENT_TARGET = 9.3;
				MTL_ENABLE_DEBUG_INFO = YES;
				ONLY_ACTIVE_ARCH = YES;
				SDKROOT = iphoneos;
			};
			name = Debug;
		};
		65CB39721D537E080016BD26 /* Release */ = {
			isa = XCBuildConfiguration;
			buildSettings = {
				ALWAYS_SEARCH_USER_PATHS = NO;
				CLANG_ANALYZER_NONNULL = YES;
				CLANG_CXX_LANGUAGE_STANDARD = "gnu++0x";
				CLANG_CXX_LIBRARY = "libc++";
				CLANG_ENABLE_MODULES = YES;
				CLANG_ENABLE_OBJC_ARC = YES;
				CLANG_WARN_BOOL_CONVERSION = YES;
				CLANG_WARN_CONSTANT_CONVERSION = YES;
				CLANG_WARN_DIRECT_OBJC_ISA_USAGE = YES_ERROR;
				CLANG_WARN_EMPTY_BODY = YES;
				CLANG_WARN_ENUM_CONVERSION = YES;
				CLANG_WARN_INT_CONVERSION = YES;
				CLANG_WARN_OBJC_ROOT_CLASS = YES_ERROR;
				CLANG_WARN_UNREACHABLE_CODE = YES;
				CLANG_WARN__DUPLICATE_METHOD_MATCH = YES;
				"CODE_SIGN_IDENTITY[sdk=iphoneos*]" = "iPhone Developer";
				COPY_PHASE_STRIP = NO;
				DEBUG_INFORMATION_FORMAT = "dwarf-with-dsym";
				ENABLE_NS_ASSERTIONS = NO;
				ENABLE_STRICT_OBJC_MSGSEND = YES;
				GCC_C_LANGUAGE_STANDARD = gnu99;
				GCC_NO_COMMON_BLOCKS = YES;
				GCC_WARN_64_TO_32_BIT_CONVERSION = YES;
				GCC_WARN_ABOUT_RETURN_TYPE = YES_ERROR;
				GCC_WARN_UNDECLARED_SELECTOR = YES;
				GCC_WARN_UNINITIALIZED_AUTOS = YES_AGGRESSIVE;
				GCC_WARN_UNUSED_FUNCTION = YES;
				GCC_WARN_UNUSED_VARIABLE = YES;
				IPHONEOS_DEPLOYMENT_TARGET = 9.3;
				MTL_ENABLE_DEBUG_INFO = NO;
				SDKROOT = iphoneos;
				VALIDATE_PRODUCT = YES;
			};
			name = Release;
		};
		65CB39741D537E080016BD26 /* Debug */ = {
			isa = XCBuildConfiguration;
			baseConfigurationReference = AD0FE53F0052DCF15A9097D7 /* Pods-DKPCarousel.debug.xcconfig */;
			buildSettings = {
				ASSETCATALOG_COMPILER_APPICON_NAME = AppIcon;
				GCC_PREFIX_HEADER = DKPCarousel/PrefixHeader.pch;
				INFOPLIST_FILE = DKPCarousel/Info.plist;
				IPHONEOS_DEPLOYMENT_TARGET = 9.0;
				LD_RUNPATH_SEARCH_PATHS = "$(inherited) @executable_path/Frameworks";
				PRODUCT_BUNDLE_IDENTIFIER = com.cctc.DKPCarousel;
				PRODUCT_NAME = "$(TARGET_NAME)";
			};
			name = Debug;
		};
		65CB39751D537E080016BD26 /* Release */ = {
			isa = XCBuildConfiguration;
			baseConfigurationReference = BF944762406D5623AAC0F78A /* Pods-DKPCarousel.release.xcconfig */;
			buildSettings = {
				ASSETCATALOG_COMPILER_APPICON_NAME = AppIcon;
				GCC_PREFIX_HEADER = DKPCarousel/PrefixHeader.pch;
				INFOPLIST_FILE = DKPCarousel/Info.plist;
				IPHONEOS_DEPLOYMENT_TARGET = 9.0;
				LD_RUNPATH_SEARCH_PATHS = "$(inherited) @executable_path/Frameworks";
				PRODUCT_BUNDLE_IDENTIFIER = com.cctc.DKPCarousel;
				PRODUCT_NAME = "$(TARGET_NAME)";
			};
			name = Release;
		};
/* End XCBuildConfiguration section */

/* Begin XCConfigurationList section */
		65CB39571D537E080016BD26 /* Build configuration list for PBXProject "DKPCarousel" */ = {
			isa = XCConfigurationList;
			buildConfigurations = (
				65CB39711D537E080016BD26 /* Debug */,
				65CB39721D537E080016BD26 /* Release */,
			);
			defaultConfigurationIsVisible = 0;
			defaultConfigurationName = Release;
		};
		65CB39731D537E080016BD26 /* Build configuration list for PBXNativeTarget "DKPCarousel" */ = {
			isa = XCConfigurationList;
			buildConfigurations = (
				65CB39741D537E080016BD26 /* Debug */,
				65CB39751D537E080016BD26 /* Release */,
			);
			defaultConfigurationIsVisible = 0;
			defaultConfigurationName = Release;
		};
/* End XCConfigurationList section */
	};
	rootObject = 65CB39541D537E080016BD26 /* Project object */;
}
